Microsoft Visual Studio Solution File, Format Version 12.00
# Visual Studio Version 17
VisualStudioVersion = 17.5.2.0
MinimumVisualStudioVersion = 10.0.40219.1
Project("{FAE04EC0-301F-11D3-BF4B-00C04F79EFBC}") = "Part1_Build_Restuarant_Agent", "Part1_Build_Restuarant_Agent\Part1_Build_Restuarant_Agent.csproj", "{B0229CE9-854E-5468-4EDF-0F0D20B08E4D}"
EndProject
Global
	GlobalSection(SolutionConfigurationPlatforms) = preSolution
		Debug|Any CPU = Debug|Any CPU
		Release|Any CPU = Release|Any CPU
	EndGlobalSection
	GlobalSection(ProjectConfigurationPlatforms) = postSolution
		{B0229CE9-854E-5468-4EDF-0F0D20B08E4D}.Debug|Any CPU.ActiveCfg = Debug|Any CPU
		{B0229CE9-854E-5468-4EDF-0F0D20B08E4D}.Debug|Any CPU.Build.0 = Debug|Any CPU
		{B0229CE9-854E-5468-4EDF-0F0D20B08E4D}.Release|Any CPU.ActiveCfg = Release|Any CPU
		{B0229CE9-854E-5468-4EDF-0F0D20B08E4D}.Release|Any CPU.Build.0 = Release|Any CPU
	EndGlobalSection
	GlobalSection(SolutionProperties) = preSolution
		HideSolutionNode = FALSE
	EndGlobalSection
	GlobalSection(ExtensibilityGlobals) = postSolution
		SolutionGuid = {AC29D349-314A-477B-8403-D88C093FB172}
	EndGlobalSection
EndGlobal
